
Microsoft Visual Studio Solution File, Format Version 12.00
# Visual Studio Version 17
VisualStudioVersion = 17.9.34714.143
MinimumVisualStudioVersion = 10.0.40219.1
Project("{FAE04EC0-301F-11D3-BF4B-00C04F79EFBC}") = "FFCoreFixes", "FFCoreFixes.csproj", "{AA91A547-3D2C-4F94-9984-73F5B4466E60}"
EndProject
Project("{FAE04EC0-301F-11D3-BF4B-00C04F79EFBC}") = "AltInput", "AltInput\AltInput.csproj", "{38950031-334D-4877-B896-23D344F68846}"
EndProject
Project("{FAE04EC0-301F-11D3-BF4B-00C04F79EFBC}") = "NesysPrepatcher", "NesysPrepatcher\NesysPrepatcher.csproj", "{8D69480C-81B6-4B00-A58A-E27B54B82CBC}"
EndProject
Global
	GlobalSection(SolutionConfigurationPlatforms) = preSolution
		Debug|Any CPU = Debug|Any CPU
		Release|Any CPU = Release|Any CPU
	EndGlobalSection
	GlobalSection(ProjectConfigurationPlatforms) = postSolution
		{AA91A547-3D2C-4F94-9984-73F5B4466E60}.Debug|Any CPU.ActiveCfg = Debug|Any CPU
		{AA91A547-3D2C-4F94-9984-73F5B4466E60}.Debug|Any CPU.Build.0 = Debug|Any CPU
		{AA91A547-3D2C-4F94-9984-73F5B4466E60}.Release|Any CPU.ActiveCfg = Release|Any CPU
		{AA91A547-3D2C-4F94-9984-73F5B4466E60}.Release|Any CPU.Build.0 = Release|Any CPU
		{38950031-334D-4877-B896-23D344F68846}.Debug|Any CPU.ActiveCfg = Debug|Any CPU
		{38950031-334D-4877-B896-23D344F68846}.Debug|Any CPU.Build.0 = Debug|Any CPU
		{38950031-334D-4877-B896-23D344F68846}.Release|Any CPU.ActiveCfg = Release|Any CPU
		{38950031-334D-4877-B896-23D344F68846}.Release|Any CPU.Build.0 = Release|Any CPU
		{8D69480C-81B6-4B00-A58A-E27B54B82CBC}.Debug|Any CPU.ActiveCfg = Debug|Any CPU
		{8D69480C-81B6-4B00-A58A-E27B54B82CBC}.Debug|Any CPU.Build.0 = Debug|Any CPU
		{8D69480C-81B6-4B00-A58A-E27B54B82CBC}.Release|Any CPU.ActiveCfg = Release|Any CPU
		{8D69480C-81B6-4B00-A58A-E27B54B82CBC}.Release|Any CPU.Build.0 = Release|Any CPU
	EndGlobalSection
	GlobalSection(SolutionProperties) = preSolution
		HideSolutionNode = FALSE
	EndGlobalSection
	GlobalSection(ExtensibilityGlobals) = postSolution
		SolutionGuid = {C09FA20C-61D2-4078-A65C-1F5667E38DF5}
	EndGlobalSection
EndGlobal
